
Microsoft Visual Studio Solution File, Format Version 12.00
# Visual Studio 15
VisualStudioVersion = 15.0.28307.572
MinimumVisualStudioVersion = 10.0.40219.1
Project("{9A19103F-16F7-4668-BE54-9A1E7A4F7556}") = "WebApplication4", "WebApplication4\WebApplication4.csproj", "{35AD2646-DD5C-4BA4-8BDD-8743CE060E99}"
EndProject
Project("{00D1A9C2-B5F0-4AF3-8072-F6C62B433612}") = "Student", "Student\Student.sqlproj", "{95223A5F-5AC2-473A-ABD0-9DC102311123}"
EndProject
Global
	GlobalSection(SolutionConfigurationPlatforms) = preSolution
		Debug|Any CPU = Debug|Any CPU
		Release|Any CPU = Release|Any CPU
	EndGlobalSection
	GlobalSection(ProjectConfigurationPlatforms) = postSolution
		{35AD2646-DD5C-4BA4-8BDD-8743CE060E99}.Debug|Any CPU.ActiveCfg = Debug|Any CPU
		{35AD2646-DD5C-4BA4-8BDD-8743CE060E99}.Debug|Any CPU.Build.0 = Debug|Any CPU
		{35AD2646-DD5C-4BA4-8BDD-8743CE060E99}.Release|Any CPU.ActiveCfg = Release|Any CPU
		{35AD2646-DD5C-4BA4-8BDD-8743CE060E99}.Release|Any CPU.Build.0 = Release|Any CPU
		{95223A5F-5AC2-473A-ABD0-9DC102311123}.Debug|Any CPU.ActiveCfg = Debug|Any CPU
		{95223A5F-5AC2-473A-ABD0-9DC102311123}.Debug|Any CPU.Build.0 = Debug|Any CPU
		{95223A5F-5AC2-473A-ABD0-9DC102311123}.Debug|Any CPU.Deploy.0 = Debug|Any CPU
		{95223A5F-5AC2-473A-ABD0-9DC102311123}.Release|Any CPU.ActiveCfg = Release|Any CPU
		{95223A5F-5AC2-473A-ABD0-9DC102311123}.Release|Any CPU.Build.0 = Release|Any CPU
		{95223A5F-5AC2-473A-ABD0-9DC102311123}.Release|Any CPU.Deploy.0 = Release|Any CPU
	EndGlobalSection
	GlobalSection(SolutionProperties) = preSolution
		HideSolutionNode = FALSE
	EndGlobalSection
	GlobalSection(ExtensibilityGlobals) = postSolution
		SolutionGuid = {66DC39BA-8898-4054-888C-2F95386D9280}
	EndGlobalSection
EndGlobal
